
Microsoft Visual Studio Solution File, Format Version 12.00
# Visual Studio Version 17
VisualStudioVersion = 17.4.33205.214
MinimumVisualStudioVersion = 10.0.40219.1
Project("{FAE04EC0-301F-11D3-BF4B-00C04F79EFBC}") = "StudentProfessor", "StudentProfessor\StudentProfessor.csproj", "{42630ABB-5401-433F-B964-6418CEBD6783}"
EndProject
Global
	GlobalSection(SolutionConfigurationPlatforms) = preSolution
		Debug|Any CPU = Debug|Any CPU
		Release|Any CPU = Release|Any CPU
	EndGlobalSection
	GlobalSection(ProjectConfigurationPlatforms) = postSolution
		{42630ABB-5401-433F-B964-6418CEBD6783}.Debug|Any CPU.ActiveCfg = Debug|Any CPU
		{42630ABB-5401-433F-B964-6418CEBD6783}.Debug|Any CPU.Build.0 = Debug|Any CPU
		{42630ABB-5401-433F-B964-6418CEBD6783}.Release|Any CPU.ActiveCfg = Release|Any CPU
		{42630ABB-5401-433F-B964-6418CEBD6783}.Release|Any CPU.Build.0 = Release|Any CPU
	EndGlobalSection
	GlobalSection(SolutionProperties) = preSolution
		HideSolutionNode = FALSE
	EndGlobalSection
	GlobalSection(ExtensibilityGlobals) = postSolution
		SolutionGuid = {F89AC20B-4E73-4782-8ECB-9F57B8937213}
	EndGlobalSection
EndGlobal
