
Microsoft Visual Studio Solution File, Format Version 12.00
# Visual Studio Version 17
VisualStudioVersion = 17.4.33213.308
MinimumVisualStudioVersion = 10.0.40219.1
Project("{FAE04EC0-301F-11D3-BF4B-00C04F79EFBC}") = "MovableInterface", "MovableInterface\MovableInterface.csproj", "{2F604498-83D8-4842-B0F0-CA8105EAA228}"
EndProject
Global
	GlobalSection(SolutionConfigurationPlatforms) = preSolution
		Debug|Any CPU = Debug|Any CPU
		Release|Any CPU = Release|Any CPU
	EndGlobalSection
	GlobalSection(ProjectConfigurationPlatforms) = postSolution
		{2F604498-83D8-4842-B0F0-CA8105EAA228}.Debug|Any CPU.ActiveCfg = Debug|Any CPU
		{2F604498-83D8-4842-B0F0-CA8105EAA228}.Debug|Any CPU.Build.0 = Debug|Any CPU
		{2F604498-83D8-4842-B0F0-CA8105EAA228}.Release|Any CPU.ActiveCfg = Release|Any CPU
		{2F604498-83D8-4842-B0F0-CA8105EAA228}.Release|Any CPU.Build.0 = Release|Any CPU
	EndGlobalSection
	GlobalSection(SolutionProperties) = preSolution
		HideSolutionNode = FALSE
	EndGlobalSection
	GlobalSection(ExtensibilityGlobals) = postSolution
		SolutionGuid = {D65C3D41-B891-4D42-800E-F53D2253DF8D}
	EndGlobalSection
EndGlobal
