
Microsoft Visual Studio Solution File, Format Version 12.00
# Visual Studio Version 17
VisualStudioVersion = 17.4.33213.308
MinimumVisualStudioVersion = 10.0.40219.1
Project("{FAE04EC0-301F-11D3-BF4B-00C04F79EFBC}") = "Poc collections", "Poc collections\Poc collections.csproj", "{682C474B-AA55-49FD-B230-820991C87BBC}"
EndProject
Global
	GlobalSection(SolutionConfigurationPlatforms) = preSolution
		Debug|Any CPU = Debug|Any CPU
		Release|Any CPU = Release|Any CPU
	EndGlobalSection
	GlobalSection(ProjectConfigurationPlatforms) = postSolution
		{682C474B-AA55-49FD-B230-820991C87BBC}.Debug|Any CPU.ActiveCfg = Debug|Any CPU
		{682C474B-AA55-49FD-B230-820991C87BBC}.Debug|Any CPU.Build.0 = Debug|Any CPU
		{682C474B-AA55-49FD-B230-820991C87BBC}.Release|Any CPU.ActiveCfg = Release|Any CPU
		{682C474B-AA55-49FD-B230-820991C87BBC}.Release|Any CPU.Build.0 = Release|Any CPU
	EndGlobalSection
	GlobalSection(SolutionProperties) = preSolution
		HideSolutionNode = FALSE
	EndGlobalSection
	GlobalSection(ExtensibilityGlobals) = postSolution
		SolutionGuid = {FC3D5291-9A9F-4F1C-85CE-4713C10AF5CA}
	EndGlobalSection
EndGlobal
