
Microsoft Visual Studio Solution File, Format Version 12.00
# Visual Studio Version 17
VisualStudioVersion = 17.4.33213.308
MinimumVisualStudioVersion = 10.0.40219.1
Project("{FAE04EC0-301F-11D3-BF4B-00C04F79EFBC}") = "SeializeAndDeserializeExample", "SeializeAndDeserializeExample\SeializeAndDeserializeExample.csproj", "{D713A974-DD46-44D1-A1BE-EA56FE558AD4}"
EndProject
Global
	GlobalSection(SolutionConfigurationPlatforms) = preSolution
		Debug|Any CPU = Debug|Any CPU
		Release|Any CPU = Release|Any CPU
	EndGlobalSection
	GlobalSection(ProjectConfigurationPlatforms) = postSolution
		{D713A974-DD46-44D1-A1BE-EA56FE558AD4}.Debug|Any CPU.ActiveCfg = Debug|Any CPU
		{D713A974-DD46-44D1-A1BE-EA56FE558AD4}.Debug|Any CPU.Build.0 = Debug|Any CPU
		{D713A974-DD46-44D1-A1BE-EA56FE558AD4}.Release|Any CPU.ActiveCfg = Release|Any CPU
		{D713A974-DD46-44D1-A1BE-EA56FE558AD4}.Release|Any CPU.Build.0 = Release|Any CPU
	EndGlobalSection
	GlobalSection(SolutionProperties) = preSolution
		HideSolutionNode = FALSE
	EndGlobalSection
	GlobalSection(ExtensibilityGlobals) = postSolution
		SolutionGuid = {FCCDFE44-F66E-465C-939B-D831C5A4C0F0}
	EndGlobalSection
EndGlobal
