
Microsoft Visual Studio Solution File, Format Version 12.00
# Visual Studio Version 17
VisualStudioVersion = 17.4.33213.308
MinimumVisualStudioVersion = 10.0.40219.1
Project("{FAE04EC0-301F-11D3-BF4B-00C04F79EFBC}") = "ReflectionExample", "ReflectionExample\ReflectionExample.csproj", "{421AA08C-C621-4243-A98D-780AC84CE9D5}"
EndProject
Global
	GlobalSection(SolutionConfigurationPlatforms) = preSolution
		Debug|Any CPU = Debug|Any CPU
		Release|Any CPU = Release|Any CPU
	EndGlobalSection
	GlobalSection(ProjectConfigurationPlatforms) = postSolution
		{421AA08C-C621-4243-A98D-780AC84CE9D5}.Debug|Any CPU.ActiveCfg = Debug|Any CPU
		{421AA08C-C621-4243-A98D-780AC84CE9D5}.Debug|Any CPU.Build.0 = Debug|Any CPU
		{421AA08C-C621-4243-A98D-780AC84CE9D5}.Release|Any CPU.ActiveCfg = Release|Any CPU
		{421AA08C-C621-4243-A98D-780AC84CE9D5}.Release|Any CPU.Build.0 = Release|Any CPU
	EndGlobalSection
	GlobalSection(SolutionProperties) = preSolution
		HideSolutionNode = FALSE
	EndGlobalSection
	GlobalSection(ExtensibilityGlobals) = postSolution
		SolutionGuid = {B9924E01-12BD-4E16-AA3D-D90ADB11EFF3}
	EndGlobalSection
EndGlobal
