
Microsoft Visual Studio Solution File, Format Version 12.00
# Visual Studio Version 17
VisualStudioVersion = 17.4.33213.308
MinimumVisualStudioVersion = 10.0.40219.1
Project("{FAE04EC0-301F-11D3-BF4B-00C04F79EFBC}") = "EmployeePolymorphism", "EmployeePolymorphism\EmployeePolymorphism.csproj", "{68DBBB42-6E12-41F3-9F26-0F8B0A1C4AD4}"
EndProject
Global
	GlobalSection(SolutionConfigurationPlatforms) = preSolution
		Debug|Any CPU = Debug|Any CPU
		Release|Any CPU = Release|Any CPU
	EndGlobalSection
	GlobalSection(ProjectConfigurationPlatforms) = postSolution
		{68DBBB42-6E12-41F3-9F26-0F8B0A1C4AD4}.Debug|Any CPU.ActiveCfg = Debug|Any CPU
		{68DBBB42-6E12-41F3-9F26-0F8B0A1C4AD4}.Debug|Any CPU.Build.0 = Debug|Any CPU
		{68DBBB42-6E12-41F3-9F26-0F8B0A1C4AD4}.Release|Any CPU.ActiveCfg = Release|Any CPU
		{68DBBB42-6E12-41F3-9F26-0F8B0A1C4AD4}.Release|Any CPU.Build.0 = Release|Any CPU
	EndGlobalSection
	GlobalSection(SolutionProperties) = preSolution
		HideSolutionNode = FALSE
	EndGlobalSection
	GlobalSection(ExtensibilityGlobals) = postSolution
		SolutionGuid = {FB460AE7-97D2-43F4-9137-5943A9333CD6}
	EndGlobalSection
EndGlobal
