
Microsoft Visual Studio Solution File, Format Version 12.00
# Visual Studio Version 17
VisualStudioVersion = 17.4.33213.308
MinimumVisualStudioVersion = 10.0.40219.1
Project("{FAE04EC0-301F-11D3-BF4B-00C04F79EFBC}") = "RadingContentApp", "RadingContentApp\RadingContentApp.csproj", "{43F6D449-7328-4943-AE31-72861CD80813}"
EndProject
Global
	GlobalSection(SolutionConfigurationPlatforms) = preSolution
		Debug|Any CPU = Debug|Any CPU
		Release|Any CPU = Release|Any CPU
	EndGlobalSection
	GlobalSection(ProjectConfigurationPlatforms) = postSolution
		{43F6D449-7328-4943-AE31-72861CD80813}.Debug|Any CPU.ActiveCfg = Debug|Any CPU
		{43F6D449-7328-4943-AE31-72861CD80813}.Debug|Any CPU.Build.0 = Debug|Any CPU
		{43F6D449-7328-4943-AE31-72861CD80813}.Release|Any CPU.ActiveCfg = Release|Any CPU
		{43F6D449-7328-4943-AE31-72861CD80813}.Release|Any CPU.Build.0 = Release|Any CPU
	EndGlobalSection
	GlobalSection(SolutionProperties) = preSolution
		HideSolutionNode = FALSE
	EndGlobalSection
	GlobalSection(ExtensibilityGlobals) = postSolution
		SolutionGuid = {A892F0D6-335B-45B0-8C64-E626F87A40BC}
	EndGlobalSection
EndGlobal
