
Microsoft Visual Studio Solution File, Format Version 12.00
# Visual Studio Version 17
VisualStudioVersion = 17.4.33205.214
MinimumVisualStudioVersion = 10.0.40219.1
Project("{FAE04EC0-301F-11D3-BF4B-00C04F79EFBC}") = "MovieStoreV2", "MovieStoreV2\MovieStoreV2.csproj", "{939AC016-B2ED-4C29-B43B-0DC913E47D2B}"
EndProject
Global
	GlobalSection(SolutionConfigurationPlatforms) = preSolution
		Debug|Any CPU = Debug|Any CPU
		Release|Any CPU = Release|Any CPU
	EndGlobalSection
	GlobalSection(ProjectConfigurationPlatforms) = postSolution
		{939AC016-B2ED-4C29-B43B-0DC913E47D2B}.Debug|Any CPU.ActiveCfg = Debug|Any CPU
		{939AC016-B2ED-4C29-B43B-0DC913E47D2B}.Debug|Any CPU.Build.0 = Debug|Any CPU
		{939AC016-B2ED-4C29-B43B-0DC913E47D2B}.Release|Any CPU.ActiveCfg = Release|Any CPU
		{939AC016-B2ED-4C29-B43B-0DC913E47D2B}.Release|Any CPU.Build.0 = Release|Any CPU
	EndGlobalSection
	GlobalSection(SolutionProperties) = preSolution
		HideSolutionNode = FALSE
	EndGlobalSection
	GlobalSection(ExtensibilityGlobals) = postSolution
		SolutionGuid = {32324C22-F0C3-49CD-912C-AC418DF8BEC6}
	EndGlobalSection
EndGlobal
