
Microsoft Visual Studio Solution File, Format Version 12.00
# Visual Studio Version 17
VisualStudioVersion = 17.4.33213.308
MinimumVisualStudioVersion = 10.0.40219.1
Project("{FAE04EC0-301F-11D3-BF4B-00C04F79EFBC}") = "MovieStoreApp", "MovieStoreApp\MovieStoreApp.csproj", "{FB78853D-A992-4898-ABE9-E50C2CBE2129}"
EndProject
Global
	GlobalSection(SolutionConfigurationPlatforms) = preSolution
		Debug|Any CPU = Debug|Any CPU
		Release|Any CPU = Release|Any CPU
	EndGlobalSection
	GlobalSection(ProjectConfigurationPlatforms) = postSolution
		{FB78853D-A992-4898-ABE9-E50C2CBE2129}.Debug|Any CPU.ActiveCfg = Debug|Any CPU
		{FB78853D-A992-4898-ABE9-E50C2CBE2129}.Debug|Any CPU.Build.0 = Debug|Any CPU
		{FB78853D-A992-4898-ABE9-E50C2CBE2129}.Release|Any CPU.ActiveCfg = Release|Any CPU
		{FB78853D-A992-4898-ABE9-E50C2CBE2129}.Release|Any CPU.Build.0 = Release|Any CPU
	EndGlobalSection
	GlobalSection(SolutionProperties) = preSolution
		HideSolutionNode = FALSE
	EndGlobalSection
	GlobalSection(ExtensibilityGlobals) = postSolution
		SolutionGuid = {70DA89BC-69E8-45C7-85F7-6C7D3A9781EE}
	EndGlobalSection
EndGlobal
